<?xml version="1.0" encoding="utf-8"?>
<Project ToolsVersion="4.0" xmlns="http://schemas.microsoft.com/developer/msbuild/2003">
  <ItemGroup>
    <Filter Include="Source Files">
      <UniqueIdentifier>{4FC737F1-C7A5-4376-A066-2A32D752A2FF}</UniqueIdentifier>
      <Extensions>cpp;c;cc;cxx;c++;cppm;ixx;def;odl;idl;hpj;bat;asm;asmx</Extensions>
    </Filter>
    <Filter Include="Header Files">
      <UniqueIdentifier>{93995380-89BD-4b04-88EB-625FBE52EBFB}</UniqueIdentifier>
      <Extensions>h;hh;hpp;hxx;h++;hm;inl;inc;ipp;xsd</Extensions>
    </Filter>
    <Filter Include="Resource Files">
      <UniqueIdentifier>{67DA6AB6-F800-4c08-8B7A-83BB121AAD01}</UniqueIdentifier>
      <Extensions>rc;ico;cur;bmp;dlg;rc2;rct;bin;rgs;gif;jpg;jpeg;jpe;resx;tiff;tif;png;wav;mfcribbon-ms</Extensions>
    </Filter>
    <Filter Include="Source Files\Vulkan">
      <UniqueIdentifier>{b4d70a23-8932-4d0e-b3af-2b420bc0c8e8}</UniqueIdentifier>
    </Filter>
    <Filter Include="Resource Files\Shaders">
      <UniqueIdentifier>{20b0d198-1651-4f68-a2dd-de9975967925}</UniqueIdentifier>
    </Filter>
    <Filter Include="Source Files\Vulkan\Device">
      <UniqueIdentifier>{d0a75e5d-d538-40f0-8172-63124ccee986}</UniqueIdentifier>
    </Filter>
    <Filter Include="Source Files\Vulkan\Command">
      <UniqueIdentifier>{c5b1cfdf-0b11-4874-abd2-0c01e7abacb1}</UniqueIdentifier>
    </Filter>
    <Filter Include="Source Files\Vulkan\Pipeline">
      <UniqueIdentifier>{cc560a78-e433-4c22-861d-27005d7584f8}</UniqueIdentifier>
    </Filter>
    <Filter Include="Source Files\Vulkan\Presentation">
      <UniqueIdentifier>{b1dd6e18-bef0-4ff6-9c42-e8eb4f10b100}</UniqueIdentifier>
    </Filter>
    <Filter Include="Source Files\Vulkan\Meta">
      <UniqueIdentifier>{074aacf1-f9b0-4ebe-94fc-df638b97af9c}</UniqueIdentifier>
    </Filter>
    <Filter Include="Source Files\Vulkan\Synchronisation">
      <UniqueIdentifier>{d7098559-916c-4f4d-b1bd-655e1dff200e}</UniqueIdentifier>
    </Filter>
    <Filter Include="Source Files\TriangleEngine">
      <UniqueIdentifier>{2474f46a-92ff-40cb-873a-3510e4fb4ce6}</UniqueIdentifier>
    </Filter>
  </ItemGroup>
  <ItemGroup>
    <ClInclude Include="include\framework.h">
      <Filter>Header Files</Filter>
    </ClInclude>
    <ClInclude Include="include\targetver.h">
      <Filter>Header Files</Filter>
    </ClInclude>
    <ClInclude Include="include\Resource.h">
      <Filter>Header Files</Filter>
    </ClInclude>
    <ClInclude Include="include\LudusVulkus.h">
      <Filter>Header Files</Filter>
    </ClInclude>
    <ClInclude Include="include\Logger.h">
      <Filter>Header Files</Filter>
    </ClInclude>
    <ClInclude Include="include\Window.h">
      <Filter>Header Files</Filter>
    </ClInclude>
    <ClInclude Include="include\Application.h">
      <Filter>Header Files</Filter>
    </ClInclude>
    <ClInclude Include="include\TriangleEngine.h">
      <Filter>Header Files</Filter>
    </ClInclude>
    <ClInclude Include="include\Instance.h">
      <Filter>Header Files</Filter>
    </ClInclude>
    <ClInclude Include="include\ValidationLayers.h">
      <Filter>Header Files</Filter>
    </ClInclude>
    <ClInclude Include="include\Settings.h">
      <Filter>Header Files</Filter>
    </ClInclude>
    <ClInclude Include="include\VulkanEXT.h">
      <Filter>Header Files</Filter>
    </ClInclude>
    <ClInclude Include="include\DebugMessenger.h">
      <Filter>Header Files</Filter>
    </ClInclude>
    <ClInclude Include="include\PhysicalDevice.h">
      <Filter>Header Files</Filter>
    </ClInclude>
    <ClInclude Include="include\Device.h">
      <Filter>Header Files</Filter>
    </ClInclude>
    <ClInclude Include="include\QueueFamily.h">
      <Filter>Header Files</Filter>
    </ClInclude>
    <ClInclude Include="include\Queue.h">
      <Filter>Header Files</Filter>
    </ClInclude>
    <ClInclude Include="include\Surface.h">
      <Filter>Header Files</Filter>
    </ClInclude>
    <ClInclude Include="include\SwapChainDetails.h">
      <Filter>Header Files</Filter>
    </ClInclude>
    <ClInclude Include="include\SwapChain.h">
      <Filter>Header Files</Filter>
    </ClInclude>
    <ClInclude Include="include\ImageView.h">
      <Filter>Header Files</Filter>
    </ClInclude>
    <ClInclude Include="include\Shader.h">
      <Filter>Header Files</Filter>
    </ClInclude>
    <ClInclude Include="include\Helper.h">
      <Filter>Header Files</Filter>
    </ClInclude>
    <ClInclude Include="include\Pipeline.h">
      <Filter>Header Files</Filter>
    </ClInclude>
    <ClInclude Include="include\DynamicState.h">
      <Filter>Header Files</Filter>
    </ClInclude>
    <ClInclude Include="include\RenderPass.h">
      <Filter>Header Files</Filter>
    </ClInclude>
    <ClInclude Include="include\Framebuffer.h">
      <Filter>Header Files</Filter>
    </ClInclude>
    <ClInclude Include="include\CommandPool.h">
      <Filter>Header Files</Filter>
    </ClInclude>
    <ClInclude Include="include\CommandBuffer.h">
      <Filter>Header Files</Filter>
    </ClInclude>
    <ClInclude Include="include\Semaphore.h">
      <Filter>Header Files</Filter>
    </ClInclude>
    <ClInclude Include="include\Fence.h">
      <Filter>Header Files</Filter>
    </ClInclude>
    <ClInclude Include="include\Type.h">
      <Filter>Header Files</Filter>
    </ClInclude>
    <ClInclude Include="include\SubpassDependency.h">
      <Filter>Header Files</Filter>
    </ClInclude>
    <ClInclude Include="include\TriangleRenderPass.h">
      <Filter>Header Files</Filter>
    </ClInclude>
    <ClInclude Include="include\Constants.h">
      <Filter>Header Files</Filter>
    </ClInclude>
    <ClInclude Include="include\AttributeDescriptor.h">
      <Filter>Header Files</Filter>
    </ClInclude>
    <ClInclude Include="include\Buffer.h">
      <Filter>Header Files</Filter>
    </ClInclude>
    <ClInclude Include="include\Vulkus3D.h">
      <Filter>Header Files</Filter>
    </ClInclude>
    <ClInclude Include="include\GeometryRenderPass.h">
      <Filter>Header Files</Filter>
    </ClInclude>
    <ClInclude Include="include\DescriptorPool.h">
      <Filter>Header Files</Filter>
    </ClInclude>
  </ItemGroup>
  <ItemGroup>
    <ClCompile Include="src\Main.cpp">
      <Filter>Source Files</Filter>
    </ClCompile>
    <ClCompile Include="src\Window.cpp">
      <Filter>Source Files</Filter>
    </ClCompile>
    <ClCompile Include="src\Application.cpp">
      <Filter>Source Files</Filter>
    </ClCompile>
    <ClCompile Include="src\Vulkan\Instance.cpp">
      <Filter>Source Files\Vulkan</Filter>
    </ClCompile>
    <ClCompile Include="src\Helper.cpp">
      <Filter>Source Files</Filter>
    </ClCompile>
    <ClCompile Include="src\Vulkan\Device\Device.cpp">
      <Filter>Source Files\Vulkan\Device</Filter>
    </ClCompile>
    <ClCompile Include="src\Vulkan\Device\PhysicalDevice.cpp">
      <Filter>Source Files\Vulkan\Device</Filter>
    </ClCompile>
    <ClCompile Include="src\Vulkan\Device\Queue.cpp">
      <Filter>Source Files\Vulkan\Device</Filter>
    </ClCompile>
    <ClCompile Include="src\Vulkan\Device\QueueFamily.cpp">
      <Filter>Source Files\Vulkan\Device</Filter>
    </ClCompile>
    <ClCompile Include="src\Vulkan\Command\CommandBuffer.cpp">
      <Filter>Source Files\Vulkan\Command</Filter>
    </ClCompile>
    <ClCompile Include="src\Vulkan\Command\CommandPool.cpp">
      <Filter>Source Files\Vulkan\Command</Filter>
    </ClCompile>
    <ClCompile Include="src\Vulkan\Presentation\SwapChain.cpp">
      <Filter>Source Files\Vulkan\Presentation</Filter>
    </ClCompile>
    <ClCompile Include="src\Vulkan\Presentation\SwapChainDetails.cpp">
      <Filter>Source Files\Vulkan\Presentation</Filter>
    </ClCompile>
    <ClCompile Include="src\Vulkan\Meta\VulkanEXT.cpp">
      <Filter>Source Files\Vulkan\Meta</Filter>
    </ClCompile>
    <ClCompile Include="src\Vulkan\Meta\ValidationLayers.cpp">
      <Filter>Source Files\Vulkan\Meta</Filter>
    </ClCompile>
    <ClCompile Include="src\Vulkan\Presentation\Surface.cpp">
      <Filter>Source Files\Vulkan\Presentation</Filter>
    </ClCompile>
    <ClCompile Include="src\Vulkan\Pipeline\RenderPass.cpp">
      <Filter>Source Files\Vulkan\Pipeline</Filter>
    </ClCompile>
    <ClCompile Include="src\Vulkan\Pipeline\Pipeline.cpp">
      <Filter>Source Files\Vulkan\Pipeline</Filter>
    </ClCompile>
    <ClCompile Include="src\Vulkan\Presentation\ImageView.cpp">
      <Filter>Source Files\Vulkan\Presentation</Filter>
    </ClCompile>
    <ClCompile Include="src\Vulkan\Pipeline\Shader.cpp">
      <Filter>Source Files\Vulkan\Pipeline</Filter>
    </ClCompile>
    <ClCompile Include="src\Vulkan\Meta\DebugMessenger.cpp">
      <Filter>Source Files\Vulkan\Meta</Filter>
    </ClCompile>
    <ClCompile Include="src\Vulkan\Presentation\Framebuffer.cpp">
      <Filter>Source Files\Vulkan\Presentation</Filter>
    </ClCompile>
    <ClCompile Include="src\Vulkan\Pipeline\DynamicState.cpp">
      <Filter>Source Files\Vulkan\Pipeline</Filter>
    </ClCompile>
    <ClCompile Include="src\Vulkan\Synchronisation\Fence.cpp">
      <Filter>Source Files\Vulkan\Synchronisation</Filter>
    </ClCompile>
    <ClCompile Include="src\Vulkan\Synchronisation\Semaphore.cpp">
      <Filter>Source Files\Vulkan\Synchronisation</Filter>
    </ClCompile>
    <ClCompile Include="src\Vulkan\Synchronisation\SubpassDependency.cpp">
      <Filter>Source Files\Vulkan\Pipeline</Filter>
    </ClCompile>
    <ClCompile Include="src\TriangleEngine\TriangleEngine.cpp">
      <Filter>Source Files\TriangleEngine</Filter>
    </ClCompile>
    <ClCompile Include="src\TriangleEngine\TriangleRenderPass.cpp">
      <Filter>Source Files\TriangleEngine</Filter>
    </ClCompile>
    <ClCompile Include="src\Vulkan\Pipeline\AttributeDescriptor.cpp">
      <Filter>Source Files</Filter>
    </ClCompile>
    <ClCompile Include="src\Vulkan\Memory\Buffer.cpp">
      <Filter>Source Files</Filter>
    </ClCompile>
    <ClCompile Include="src\Vulkus3D\Vulkus3D.cpp">
      <Filter>Source Files</Filter>
    </ClCompile>
    <ClCompile Include="src\Vulkus3D\GeometryRenderPass.cpp">
      <Filter>Source Files</Filter>
    </ClCompile>
    <ClCompile Include="src\Vulkan\Pipeline\DescriptorPool.cpp">
      <Filter>Source Files</Filter>
    </ClCompile>
  </ItemGroup>
  <ItemGroup>
    <None Include="assets\shaders\glsl\Triangle.frag">
      <Filter>Resource Files\Shaders</Filter>
    </None>
    <None Include="assets\shaders\glsl\Triangle.vert">
      <Filter>Resource Files\Shaders</Filter>
    </None>
    <None Include="scripts\CompileShader.bat">
      <Filter>Resource Files</Filter>
    </None>
  </ItemGroup>
  <ItemGroup>
    <Text Include="scripts\CompileShader.py" />
    <Text Include="assets\shaders\glsl\Vertices.frag" />
    <Text Include="assets\shaders\glsl\Vertices.vert" />
  </ItemGroup>
</Project>